<?xml version="1.0" encoding="utf-8"?>
<Project ToolsVersion="4.0" xmlns="http://schemas.microsoft.com/developer/msbuild/2003">
  <ItemGroup>
    <Filter Include="Source Files">
      <UniqueIdentifier>{4FC737F1-C7A5-4376-A066-2A32D752A2FF}</UniqueIdentifier>
      <Extensions>cpp;c;cc;cxx;def;odl;idl;hpj;bat;asm;asmx</Extensions>
    </Filter>
    <Filter Include="Header Files">
      <UniqueIdentifier>{93995380-89BD-4b04-88EB-625FBE52EBFB}</UniqueIdentifier>
      <Extensions>h;hh;hpp;hxx;hm;inl;inc;ipp;xsd</Extensions>
    </Filter>
    <Filter Include="Resource Files">
      <UniqueIdentifier>{67DA6AB6-F800-4c08-8B7A-83BB121AAD01}</UniqueIdentifier>
      <Extensions>rc;ico;cur;bmp;dlg;rc2;rct;bin;rgs;gif;jpg;jpeg;jpe;resx;tiff;tif;png;wav;mfcribbon-ms</Extensions>
    </Filter>
    <Filter Include="Header Files\commands">
      <UniqueIdentifier>{31f1e0e4-bb6c-4abb-a17f-9ebb9891bdee}</UniqueIdentifier>
    </Filter>
  </ItemGroup>
  <ItemGroup>
    <ClInclude Include="pch.h">
      <Filter>Header Files</Filter>
    </ClInclude>
    <ClInclude Include="command_selector.hpp">
      <Filter>Header Files</Filter>
    </ClInclude>
    <ClInclude Include="commands\run_command.hpp">
      <Filter>Header Files</Filter>
    </ClInclude>
    <ClInclude Include="commands\help_command.hpp">
      <Filter>Header Files</Filter>
    </ClInclude>
    <ClInclude Include="commands\build_command.hpp">
      <Filter>Header Files</Filter>
    </ClInclude>
    <ClInclude Include="utils\span.hpp">
      <Filter>Header Files</Filter>
    </ClInclude>
    <ClInclude Include="console.hpp">
      <Filter>Header Files</Filter>
    </ClInclude>
    <ClInclude Include="core.hpp">
      <Filter>Header Files</Filter>
    </ClInclude>
    <ClInclude Include="deps\cpptoml.hpp">
      <Filter>Header Files</Filter>
    </ClInclude>
    <ClInclude Include="config.hpp">
      <Filter>Header Files</Filter>
    </ClInclude>
    <ClInclude Include="commands\get_command.hpp">
      <Filter>Header Files</Filter>
    </ClInclude>
    <ClInclude Include="commands\set_command.hpp">
      <Filter>Header Files</Filter>
    </ClInclude>
    <ClInclude Include="env.hpp">
      <Filter>Header Files</Filter>
    </ClInclude>
    <ClInclude Include="utils\str.hpp">
      <Filter>Header Files</Filter>
    </ClInclude>
    <ClInclude Include="commands\base_command.hpp">
      <Filter>Header Files</Filter>
    </ClInclude>
    <ClInclude Include="commands\init_command.hpp">
      <Filter>Header Files</Filter>
    </ClInclude>
    <ClInclude Include="process.hpp">
      <Filter>Header Files</Filter>
    </ClInclude>
    <ClInclude Include="toolchains\toolchain_names.hpp">
      <Filter>Header Files</Filter>
    </ClInclude>
    <ClInclude Include="toolchains\win32reg.hpp">
      <Filter>Header Files</Filter>
    </ClInclude>
    <ClInclude Include="result.hpp">
      <Filter>Header Files</Filter>
    </ClInclude>
    <ClInclude Include="toolchains\msvc.hpp">
      <Filter>Header Files</Filter>
    </ClInclude>
  </ItemGroup>
  <ItemGroup>
    <ClCompile Include="pch.cpp">
      <Filter>Source Files</Filter>
    </ClCompile>
    <ClCompile Include="pronto.cpp">
      <Filter>Source Files</Filter>
    </ClCompile>
  </ItemGroup>
  <ItemGroup>
    <None Include="icudt63.dll" />
    <None Include="icuin63.dll" />
    <None Include="icuio63.dll" />
    <None Include="icutest63.dll" />
    <None Include="icutu63.dll" />
    <None Include="icuuc63.dll" />
  </ItemGroup>
</Project>