<?xml version="1.0" encoding="utf-8"?>
<Project ToolsVersion="4.0" xmlns="http://schemas.microsoft.com/developer/msbuild/2003">
  <ItemGroup>
    <Filter Include="Source Files">
      <UniqueIdentifier>{4FC737F1-C7A5-4376-A066-2A32D752A2FF}</UniqueIdentifier>
      <Extensions>cpp;c;cc;cxx;def;odl;idl;hpj;bat;asm;asmx</Extensions>
    </Filter>
    <Filter Include="Header Files">
      <UniqueIdentifier>{93995380-89BD-4b04-88EB-625FBE52EBFB}</UniqueIdentifier>
      <Extensions>h;hh;hpp;hxx;hm;inl;inc;ipp;xsd</Extensions>
    </Filter>
    <Filter Include="Resource Files">
      <UniqueIdentifier>{67DA6AB6-F800-4c08-8B7A-83BB121AAD01}</UniqueIdentifier>
      <Extensions>rc;ico;cur;bmp;dlg;rc2;rct;bin;rgs;gif;jpg;jpeg;jpe;resx;tiff;tif;png;wav;mfcribbon-ms</Extensions>
    </Filter>
    <Filter Include="Header Files\commands">
      <UniqueIdentifier>{31f1e0e4-bb6c-4abb-a17f-9ebb9891bdee}</UniqueIdentifier>
    </Filter>
  </ItemGroup>
  <ItemGroup>
    <ClInclude Include="utils\semver.hh">
      <Filter>Header Files</Filter>
    </ClInclude>
    <ClInclude Include="utils\span.hh">
      <Filter>Header Files</Filter>
    </ClInclude>
    <ClInclude Include="utils\str.hh">
      <Filter>Header Files</Filter>
    </ClInclude>
    <ClInclude Include="toolchains\toolchain_names.hh">
      <Filter>Header Files</Filter>
    </ClInclude>
    <ClInclude Include="toolchains\toolchain_config.hh">
      <Filter>Header Files</Filter>
    </ClInclude>
    <ClInclude Include="toolchains\target.hh">
      <Filter>Header Files</Filter>
    </ClInclude>
    <ClInclude Include="toolchains\compiler.hh">
      <Filter>Header Files</Filter>
    </ClInclude>
    <ClInclude Include="toolchains\msvc\win32reg.hh">
      <Filter>Header Files</Filter>
    </ClInclude>
    <ClInclude Include="toolchains\msvc\msvc_toolchain.hh">
      <Filter>Header Files</Filter>
    </ClInclude>
    <ClInclude Include="toolchains\msvc\cl_args.hh">
      <Filter>Header Files</Filter>
    </ClInclude>
    <ClInclude Include="toolchains\clang\clang_toolchain.hh">
      <Filter>Header Files</Filter>
    </ClInclude>
    <ClInclude Include="commands\set_command.hh">
      <Filter>Header Files</Filter>
    </ClInclude>
    <ClInclude Include="commands\run_command.hh">
      <Filter>Header Files</Filter>
    </ClInclude>
    <ClInclude Include="commands\init_command.hh">
      <Filter>Header Files</Filter>
    </ClInclude>
    <ClInclude Include="commands\help_command.hh">
      <Filter>Header Files</Filter>
    </ClInclude>
    <ClInclude Include="commands\get_command.hh">
      <Filter>Header Files</Filter>
    </ClInclude>
    <ClInclude Include="commands\build_command.hh">
      <Filter>Header Files</Filter>
    </ClInclude>
    <ClInclude Include="commands\base_command.hh">
      <Filter>Header Files</Filter>
    </ClInclude>
    <ClInclude Include="deps\cpptoml.hh">
      <Filter>Header Files</Filter>
    </ClInclude>
    <ClInclude Include="tests\str_tests.hh">
      <Filter>Header Files</Filter>
    </ClInclude>
    <ClInclude Include="tests\tests.hh">
      <Filter>Header Files</Filter>
    </ClInclude>
    <ClInclude Include="config.hh">
      <Filter>Header Files</Filter>
    </ClInclude>
    <ClInclude Include="command_selector.hh">
      <Filter>Header Files</Filter>
    </ClInclude>
    <ClInclude Include="console.hh">
      <Filter>Header Files</Filter>
    </ClInclude>
    <ClInclude Include="core.hh">
      <Filter>Header Files</Filter>
    </ClInclude>
    <ClInclude Include="env.hh">
      <Filter>Header Files</Filter>
    </ClInclude>
    <ClInclude Include="pch.hh">
      <Filter>Header Files</Filter>
    </ClInclude>
    <ClInclude Include="process.hh">
      <Filter>Header Files</Filter>
    </ClInclude>
    <ClInclude Include="result.hh">
      <Filter>Header Files</Filter>
    </ClInclude>
    <ClInclude Include="tests\semver_tests.hh">
      <Filter>Header Files</Filter>
    </ClInclude>
    <ClInclude Include="dependency.hh">
      <Filter>Header Files</Filter>
    </ClInclude>
    <ClInclude Include="tests\semver_req_tests.hh">
      <Filter>Header Files</Filter>
    </ClInclude>
    <ClInclude Include="utils\semver_req.hh">
      <Filter>Header Files</Filter>
    </ClInclude>
    <ClInclude Include="utils\iter.hh">
      <Filter>Header Files</Filter>
    </ClInclude>
  </ItemGroup>
  <ItemGroup>
    <ClCompile Include="main.cc">
      <Filter>Source Files</Filter>
    </ClCompile>
    <ClCompile Include="pch.cc">
      <Filter>Source Files</Filter>
    </ClCompile>
  </ItemGroup>
  <ItemGroup>
    <None Include="icudt63.dll" />
    <None Include="icuin63.dll" />
    <None Include="icuio63.dll" />
    <None Include="icutest63.dll" />
    <None Include="icutu63.dll" />
    <None Include="icuuc63.dll" />
  </ItemGroup>
</Project>